# This file is automatically @generated by Cargo.
# It is not intended for manual editing.
version = 4

[[package]]
name = "isengard"
version = "0.1.0-alpha"

[[package]]
name = "isengard-agent"
version = "0.1.0-alpha"

[[package]]
name = "isengard-controller"
version = "0.1.0-alpha"

[[package]]
name = "isengard-core"
version = "0.1.0-alpha"

[[package]]
name = "isengard-plugin-dashboard"
version = "0.1.0-alpha"

[[package]]
name = "isengard-plugin-notifier"
version = "0.1.0-alpha"

[[package]]
name = "isengard-plugin-updater"
version = "0.1.0-alpha"

[[package]]
name = "isengard-proto"
version = "0.1.0-alpha"
